
Microsoft Visual Studio Solution File, Format Version 12.00
# Visual Studio Version 16
VisualStudioVersion = 16.0.29001.49
MinimumVisualStudioVersion = 10.0.40219.1
Project("{FAE04EC0-301F-11D3-BF4B-00C04F79EFBC}") = "CurrenciesAPI", "CurrenciesAPI.csproj", "{C29D37A1-2AA2-4C44-A300-2CB4C25D2997}"
EndProject
Global
	GlobalSection(SolutionConfigurationPlatforms) = preSolution
		Debug|Any CPU = Debug|Any CPU
		Release|Any CPU = Release|Any CPU
	EndGlobalSection
	GlobalSection(ProjectConfigurationPlatforms) = postSolution
		{C29D37A1-2AA2-4C44-A300-2CB4C25D2997}.Debug|Any CPU.ActiveCfg = Debug|Any CPU
		{C29D37A1-2AA2-4C44-A300-2CB4C25D2997}.Debug|Any CPU.Build.0 = Debug|Any CPU
		{C29D37A1-2AA2-4C44-A300-2CB4C25D2997}.Release|Any CPU.ActiveCfg = Release|Any CPU
		{C29D37A1-2AA2-4C44-A300-2CB4C25D2997}.Release|Any CPU.Build.0 = Release|Any CPU
	EndGlobalSection
	GlobalSection(SolutionProperties) = preSolution
		HideSolutionNode = FALSE
	EndGlobalSection
	GlobalSection(ExtensibilityGlobals) = postSolution
		SolutionGuid = {B4C0DCAF-1108-456A-A837-56C5FC1DD1DF}
	EndGlobalSection
EndGlobal
